
Microsoft Visual Studio Solution File, Format Version 12.00
# Visual Studio Version 17
VisualStudioVersion = 17.8.34330.188
MinimumVisualStudioVersion = 10.0.40219.1
Project("{9A19103F-16F7-4668-BE54-9A1E7A4F7556}") = "AJBAvalonia", "AJBAvalonia.csproj", "{0592DABD-7140-4BC5-A6B5-C302E16DB1B9}"
EndProject
Project("{9A19103F-16F7-4668-BE54-9A1E7A4F7556}") = "TestAvControls", "TestAvControls\TestAvControls.csproj", "{E2827FB5-4758-4D67-AB23-7BF836E3C95D}"
EndProject
Project("{9A19103F-16F7-4668-BE54-9A1E7A4F7556}") = "TestAvControls.Desktop", "TestAvControls.Desktop\TestAvControls.Desktop.csproj", "{23F10BBA-5FB8-467B-BDA5-B5442C47FDAA}"
EndProject
Global
	GlobalSection(SolutionConfigurationPlatforms) = preSolution
		Debug|Any CPU = Debug|Any CPU
		Release|Any CPU = Release|Any CPU
	EndGlobalSection
	GlobalSection(ProjectConfigurationPlatforms) = postSolution
		{0592DABD-7140-4BC5-A6B5-C302E16DB1B9}.Debug|Any CPU.ActiveCfg = Debug|Any CPU
		{0592DABD-7140-4BC5-A6B5-C302E16DB1B9}.Debug|Any CPU.Build.0 = Debug|Any CPU
		{0592DABD-7140-4BC5-A6B5-C302E16DB1B9}.Release|Any CPU.ActiveCfg = Release|Any CPU
		{0592DABD-7140-4BC5-A6B5-C302E16DB1B9}.Release|Any CPU.Build.0 = Release|Any CPU
		{E2827FB5-4758-4D67-AB23-7BF836E3C95D}.Debug|Any CPU.ActiveCfg = Debug|Any CPU
		{E2827FB5-4758-4D67-AB23-7BF836E3C95D}.Debug|Any CPU.Build.0 = Debug|Any CPU
		{E2827FB5-4758-4D67-AB23-7BF836E3C95D}.Release|Any CPU.ActiveCfg = Release|Any CPU
		{E2827FB5-4758-4D67-AB23-7BF836E3C95D}.Release|Any CPU.Build.0 = Release|Any CPU
		{23F10BBA-5FB8-467B-BDA5-B5442C47FDAA}.Debug|Any CPU.ActiveCfg = Debug|Any CPU
		{23F10BBA-5FB8-467B-BDA5-B5442C47FDAA}.Debug|Any CPU.Build.0 = Debug|Any CPU
		{23F10BBA-5FB8-467B-BDA5-B5442C47FDAA}.Release|Any CPU.ActiveCfg = Release|Any CPU
		{23F10BBA-5FB8-467B-BDA5-B5442C47FDAA}.Release|Any CPU.Build.0 = Release|Any CPU
	EndGlobalSection
	GlobalSection(SolutionProperties) = preSolution
		HideSolutionNode = FALSE
	EndGlobalSection
	GlobalSection(ExtensibilityGlobals) = postSolution
		SolutionGuid = {3D342D01-0F6A-48DE-B626-A91C14DFA4B5}
	EndGlobalSection
EndGlobal
